
Microsoft Visual Studio Solution File, Format Version 12.00
# Visual Studio Version 17
VisualStudioVersion = 17.7.34003.232
MinimumVisualStudioVersion = 10.0.40219.1
Project("{FAE04EC0-301F-11D3-BF4B-00C04F79EFBC}") = "ConsoleApp22", "ConsoleApp22.csproj", "{5620792C-7210-4BC6-A379-8AF085E7E88B}"
EndProject
Global
	GlobalSection(SolutionConfigurationPlatforms) = preSolution
		Debug|Any CPU = Debug|Any CPU
		Release|Any CPU = Release|Any CPU
	EndGlobalSection
	GlobalSection(ProjectConfigurationPlatforms) = postSolution
		{5620792C-7210-4BC6-A379-8AF085E7E88B}.Debug|Any CPU.ActiveCfg = Debug|Any CPU
		{5620792C-7210-4BC6-A379-8AF085E7E88B}.Debug|Any CPU.Build.0 = Debug|Any CPU
		{5620792C-7210-4BC6-A379-8AF085E7E88B}.Release|Any CPU.ActiveCfg = Release|Any CPU
		{5620792C-7210-4BC6-A379-8AF085E7E88B}.Release|Any CPU.Build.0 = Release|Any CPU
	EndGlobalSection
	GlobalSection(SolutionProperties) = preSolution
		HideSolutionNode = FALSE
	EndGlobalSection
	GlobalSection(ExtensibilityGlobals) = postSolution
		SolutionGuid = {8D8BE000-ECEB-4AF6-AB28-6008902BF131}
	EndGlobalSection
EndGlobal
